// !$*UTF8*$!
{
	archiveVersion = 1;
	classes = {
	};
	objectVersion = 77;
	objects = {

/* Begin PBXContainerItemProxy section */
		AC00FCDE2E33C2710053DB1F /* PBXContainerItemProxy */ = {
			isa = PBXContainerItemProxy;
			containerPortal = AC00FCC42E33C2700053DB1F /* Project object */;
			proxyType = 1;
			remoteGlobalIDString = AC00FCCB2E33C2700053DB1F;
			remoteInfo = BudgetScan;
		};
		AC00FCE82E33C2710053DB1F /* PBXContainerItemProxy */ = {
			isa = PBXContainerItemProxy;
			containerPortal = AC00FCC42E33C2700053DB1F /* Project object */;
			proxyType = 1;
			remoteGlobalIDString = AC00FCCB2E33C2700053DB1F;
			remoteInfo = BudgetScan;
		};
/* End PBXContainerItemProxy section */

/* Begin PBXFileReference section */
		AC00FCCC2E33C2700053DB1F /* BudgetScan.app */ = {isa = PBXFileReference; explicitFileType = wrapper.application; includeInIndex = 0; path = BudgetScan.app; sourceTree = BUILT_PRODUCTS_DIR; };
		AC00FCDD2E33C2710053DB1F /* BudgetScanTests.xctest */ = {isa = PBXFileReference; explicitFileType = wrapper.cfbundle; includeInIndex = 0; path = BudgetScanTests.xctest; sourceTree = BUILT_PRODUCTS_DIR; };
		AC00FCE72E33C2710053DB1F /* BudgetScanUITests.xctest */ = {isa = PBXFileReference; explicitFileType = wrapper.cfbundle; includeInIndex = 0; path = BudgetScanUITests.xctest; sourceTree = BUILT_PRODUCTS_DIR; };
/* End PBXFileReference section */

/* Begin PBXFileSystemSynchronizedBuildFileExceptionSet section */
		AC00FCEF2E33C2710053DB1F /* Exceptions for "BudgetScan" folder in "BudgetScan" target */ = {
			isa = PBXFileSystemSynchronizedBuildFileExceptionSet;
			membershipExceptions = (
				Info.plist,
			);
			target = AC00FCCB2E33C2700053DB1F /* BudgetScan */;
		};
/* End PBXFileSystemSynchronizedBuildFileExceptionSet section */

/* Begin PBXFileSystemSynchronizedRootGroup section */
		AC00FCCE2E33C2700053DB1F /* BudgetScan */ = {
			isa = PBXFileSystemSynchronizedRootGroup;
			exceptions = (
				AC00FCEF2E33C2710053DB1F /* Exceptions for "BudgetScan" folder in "BudgetScan" target */,
			);
			path = BudgetScan;
			sourceTree = "<group>";
		};
		AC00FCE02E33C2710053DB1F /* BudgetScanTests */ = {
			isa = PBXFileSystemSynchronizedRootGroup;
			path = BudgetScanTests;
			sourceTree = "<group>";
		};
		AC00FCEA2E33C2710053DB1F /* BudgetScanUITests */ = {
			isa = PBXFileSystemSynchronizedRootGroup;
			path = BudgetScanUITests;
			sourceTree = "<group>";
		};
/* End PBXFileSystemSynchronizedRootGroup section */

/* Begin PBXFrameworksBuildPhase section */
		AC00FCC92E33C2700053DB1F /* Frameworks */ = {
			isa = PBXFrameworksBuildPhase;
			buildActionMask = 2147483647;
			files = (
			);
			runOnlyForDeploymentPostprocessing = 0;
		};
		AC00FCDA2E33C2710053DB1F /* Frameworks */ = {
			isa = PBXFrameworksBuildPhase;
			buildActionMask = 2147483647;
			files = (
			);
			runOnlyForDeploymentPostprocessing = 0;
		};
		AC00FCE42E33C2710053DB1F /* Frameworks */ = {
			isa = PBXFrameworksBuildPhase;
			buildActionMask = 2147483647;
			files = (
			);
			runOnlyForDeploymentPostprocessing = 0;
		};
/* End PBXFrameworksBuildPhase section */

/* Begin PBXGroup section */
		AC00FCC32E33C2700053DB1F = {
			isa = PBXGroup;
			children = (
				AC00FCCE2E33C2700053DB1F /* BudgetScan */,
				AC00FCE02E33C2710053DB1F /* BudgetScanTests */,
				AC00FCEA2E33C2710053DB1F /* BudgetScanUITests */,
				AC00FCCD2E33C2700053DB1F /* Products */,
			);
			sourceTree = "<group>";
		};
		AC00FCCD2E33C2700053DB1F /* Products */ = {
			isa = PBXGroup;
			children = (
				AC00FCCC2E33C2700053DB1F /* BudgetScan.app */,
				AC00FCDD2E33C2710053DB1F /* BudgetScanTests.xctest */,
				AC00FCE72E33C2710053DB1F /* BudgetScanUITests.xctest */,
			);
			name = Products;
			sourceTree = "<group>";
		};
/* End PBXGroup section */

/* Begin PBXNativeTarget section */
		AC00FCCB2E33C2700053DB1F /* BudgetScan */ = {
			isa = PBXNativeTarget;
			buildConfigurationList = AC00FCF02E33C2710053DB1F /* Build configuration list for PBXNativeTarget "BudgetScan" */;
			buildPhases = (
				AC00FCC82E33C2700053DB1F /* Sources */,
				AC00FCC92E33C2700053DB1F /* Frameworks */,
				AC00FCCA2E33C2700053DB1F /* Resources */,
			);
			buildRules = (
			);
			dependencies = (
			);
			fileSystemSynchronizedGroups = (
				AC00FCCE2E33C2700053DB1F /* BudgetScan */,
			);
			name = BudgetScan;
			packageProductDependencies = (
			);
			productName = BudgetScan;
			productReference = AC00FCCC2E33C2700053DB1F /* BudgetScan.app */;
			productType = "com.apple.product-type.application";
		};
		AC00FCDC2E33C2710053DB1F /* BudgetScanTests */ = {
			isa = PBXNativeTarget;
			buildConfigurationList = AC00FCF52E33C2710053DB1F /* Build configuration list for PBXNativeTarget "BudgetScanTests" */;
			buildPhases = (
				AC00FCD92E33C2710053DB1F /* Sources */,
				AC00FCDA2E33C2710053DB1F /* Frameworks */,
				AC00FCDB2E33C2710053DB1F /* Resources */,
			);
			buildRules = (
			);
			dependencies = (
				AC00FCDF2E33C2710053DB1F /* PBXTargetDependency */,
			);
			fileSystemSynchronizedGroups = (
				AC00FCE02E33C2710053DB1F /* BudgetScanTests */,
			);
			name = BudgetScanTests;
			packageProductDependencies = (
			);
			productName = BudgetScanTests;
			productReference = AC00FCDD2E33C2710053DB1F /* BudgetScanTests.xctest */;
			productType = "com.apple.product-type.bundle.unit-test";
		};
		AC00FCE62E33C2710053DB1F /* BudgetScanUITests */ = {
			isa = PBXNativeTarget;
			buildConfigurationList = AC00FCF82E33C2710053DB1F /* Build configuration list for PBXNativeTarget "BudgetScanUITests" */;
			buildPhases = (
				AC00FCE32E33C2710053DB1F /* Sources */,
				AC00FCE42E33C2710053DB1F /* Frameworks */,
				AC00FCE52E33C2710053DB1F /* Resources */,
			);
			buildRules = (
			);
			dependencies = (
				AC00FCE92E33C2710053DB1F /* PBXTargetDependency */,
			);
			fileSystemSynchronizedGroups = (
				AC00FCEA2E33C2710053DB1F /* BudgetScanUITests */,
			);
			name = BudgetScanUITests;
			packageProductDependencies = (
			);
			productName = BudgetScanUITests;
			productReference = AC00FCE72E33C2710053DB1F /* BudgetScanUITests.xctest */;
			productType = "com.apple.product-type.bundle.ui-testing";
		};
/* End PBXNativeTarget section */

/* Begin PBXProject section */
		AC00FCC42E33C2700053DB1F /* Project object */ = {
			isa = PBXProject;
			attributes = {
				BuildIndependentTargetsInParallel = 1;
				LastSwiftUpdateCheck = 1630;
				LastUpgradeCheck = 1630;
				TargetAttributes = {
					AC00FCCB2E33C2700053DB1F = {
						CreatedOnToolsVersion = 16.3;
					};
					AC00FCDC2E33C2710053DB1F = {
						CreatedOnToolsVersion = 16.3;
						TestTargetID = AC00FCCB2E33C2700053DB1F;
					};
					AC00FCE62E33C2710053DB1F = {
						CreatedOnToolsVersion = 16.3;
						TestTargetID = AC00FCCB2E33C2700053DB1F;
					};
				};
			};
			buildConfigurationList = AC00FCC72E33C2700053DB1F /* Build configuration list for PBXProject "BudgetScan" */;
			developmentRegion = en;
			hasScannedForEncodings = 0;
			knownRegions = (
				en,
				Base,
			);
			mainGroup = AC00FCC32E33C2700053DB1F;
			minimizedProjectReferenceProxies = 1;
			preferredProjectObjectVersion = 77;
			productRefGroup = AC00FCCD2E33C2700053DB1F /* Products */;
			projectDirPath = "";
			projectRoot = "";
			targets = (
				AC00FCCB2E33C2700053DB1F /* BudgetScan */,
				AC00FCDC2E33C2710053DB1F /* BudgetScanTests */,
				AC00FCE62E33C2710053DB1F /* BudgetScanUITests */,
			);
		};
/* End PBXProject section */

/* Begin PBXResourcesBuildPhase section */
		AC00FCCA2E33C2700053DB1F /* Resources */ = {
			isa = PBXResourcesBuildPhase;
			buildActionMask = 2147483647;
			files = (
			);
			runOnlyForDeploymentPostprocessing = 0;
		};
		AC00FCDB2E33C2710053DB1F /* Resources */ = {
			isa = PBXResourcesBuildPhase;
			buildActionMask = 2147483647;
			files = (
			);
			runOnlyForDeploymentPostprocessing = 0;
		};
		AC00FCE52E33C2710053DB1F /* Resources */ = {
			isa = PBXResourcesBuildPhase;
			buildActionMask = 2147483647;
			files = (
			);
			runOnlyForDeploymentPostprocessing = 0;
		};
/* End PBXResourcesBuildPhase section */

/* Begin PBXSourcesBuildPhase section */
		AC00FCC82E33C2700053DB1F /* Sources */ = {
			isa = PBXSourcesBuildPhase;
			buildActionMask = 2147483647;
			files = (
			);
			runOnlyForDeploymentPostprocessing = 0;
		};
		AC00FCD92E33C2710053DB1F /* Sources */ = {
			isa = PBXSourcesBuildPhase;
			buildActionMask = 2147483647;
			files = (
			);
			runOnlyForDeploymentPostprocessing = 0;
		};
		AC00FCE32E33C2710053DB1F /* Sources */ = {
			isa = PBXSourcesBuildPhase;
			buildActionMask = 2147483647;
			files = (
			);
			runOnlyForDeploymentPostprocessing = 0;
		};
/* End PBXSourcesBuildPhase section */

/* Begin PBXTargetDependency section */
		AC00FCDF2E33C2710053DB1F /* PBXTargetDependency */ = {
			isa = PBXTargetDependency;
			target = AC00FCCB2E33C2700053DB1F /* BudgetScan */;
			targetProxy = AC00FCDE2E33C2710053DB1F /* PBXContainerItemProxy */;
		};
		AC00FCE92E33C2710053DB1F /* PBXTargetDependency */ = {
			isa = PBXTargetDependency;
			target = AC00FCCB2E33C2700053DB1F /* BudgetScan */;
			targetProxy = AC00FCE82E33C2710053DB1F /* PBXContainerItemProxy */;
		};
/* End PBXTargetDependency section */

/* Begin XCBuildConfiguration section */
		AC00FCF12E33C2710053DB1F /* Debug */ = {
			isa = XCBuildConfiguration;
			buildSettings = {
				ASSETCATALOG_COMPILER_APPICON_NAME = AppIcon;
				ASSETCATALOG_COMPILER_GLOBAL_ACCENT_COLOR_NAME = AccentColor;
				CODE_SIGN_ENTITLEMENTS = BudgetScan/BudgetScan.entitlements;
				CODE_SIGN_STYLE = Automatic;
				CURRENT_PROJECT_VERSION = 1;
				DEVELOPMENT_TEAM = F9VLM2UAU8;
				ENABLE_PREVIEWS = YES;
				GENERATE_INFOPLIST_FILE = YES;
				INFOPLIST_FILE = BudgetScan/Info.plist;
				INFOPLIST_KEY_UIApplicationSceneManifest_Generation = YES;
				INFOPLIST_KEY_UIApplicationSupportsIndirectInputEvents = YES;
				INFOPLIST_KEY_UILaunchScreen_Generation = YES;
				INFOPLIST_KEY_UISupportedInterfaceOrientations_iPad = "UIInterfaceOrientationPortrait UIInterfaceOrientationPortraitUpsideDown UIInterfaceOrientationLandscapeLeft UIInterfaceOrientationLandscapeRight";
				INFOPLIST_KEY_UISupportedInterfaceOrientations_iPhone = "UIInterfaceOrientationPortrait UIInterfaceOrientationLandscapeLeft UIInterfaceOrientationLandscapeRight";
				LD_RUNPATH_SEARCH_PATHS = (
					"$(inherited)",
					"@executable_path/Frameworks",
				);
				MARKETING_VERSION = 1.0;
				PRODUCT_BUNDLE_IDENTIFIER = com.mncs.BudgetScan;
				PRODUCT_NAME = "$(TARGET_NAME)";
				SWIFT_EMIT_LOC_STRINGS = YES;
				SWIFT_VERSION = 5.0;
				TARGETED_DEVICE_FAMILY = "1,2";
			};
			name = Debug;
		};
		AC00FCF22E33C2710053DB1F /* Release */ = {
			isa = XCBuildConfiguration;
			buildSettings = {
				ASSETCATALOG_COMPILER_APPICON_NAME = AppIcon;
				ASSETCATALOG_COMPILER_GLOBAL_ACCENT_COLOR_NAME = AccentColor;
				CODE_SIGN_ENTITLEMENTS = BudgetScan/BudgetScan.entitlements;
				CODE_SIGN_STYLE = Automatic;
				CURRENT_PROJECT_VERSION = 1;
				DEVELOPMENT_TEAM = F9VLM2UAU8;
				ENABLE_PREVIEWS = YES;
				GENERATE_INFOPLIST_FILE = YES;
				INFOPLIST_FILE = BudgetScan/Info.plist;
				INFOPLIST_KEY_UIApplicationSceneManifest_Generation = YES;
				INFOPLIST_KEY_UIApplicationSupportsIndirectInputEvents = YES;
				INFOPLIST_KEY_UILaunchScreen_Generation = YES;
				INFOPLIST_KEY_UISupportedInterfaceOrientations_iPad = "UIInterfaceOrientationPortrait UIInterfaceOrientationPortraitUpsideDown UIInterfaceOrientationLandscapeLeft UIInterfaceOrientationLandscapeRight";
				INFOPLIST_KEY_UISupportedInterfaceOrientations_iPhone = "UIInterfaceOrientationPortrait UIInterfaceOrientationLandscapeLeft UIInterfaceOrientationLandscapeRight";
				LD_RUNPATH_SEARCH_PATHS = (
					"$(inherited)",
					"@executable_path/Frameworks",
				);
				MARKETING_VERSION = 1.0;
				PRODUCT_BUNDLE_IDENTIFIER = com.mncs.BudgetScan;
				PRODUCT_NAME = "$(TARGET_NAME)";
				SWIFT_EMIT_LOC_STRINGS = YES;
				SWIFT_VERSION = 5.0;
				TARGETED_DEVICE_FAMILY = "1,2";
			};
			name = Release;
		};
		AC00FCF32E33C2710053DB1F /* Debug */ = {
			isa = XCBuildConfiguration;
			buildSettings = {
				ALWAYS_SEARCH_USER_PATHS = NO;
				ASSETCATALOG_COMPILER_GENERATE_SWIFT_ASSET_SYMBOL_EXTENSIONS = YES;
				CLANG_ANALYZER_NONNULL = YES;
				CLANG_ANALYZER_NUMBER_OBJECT_CONVERSION = YES_AGGRESSIVE;
				CLANG_CXX_LANGUAGE_STANDARD = "gnu++20";
				CLANG_ENABLE_MODULES = YES;
				CLANG_ENABLE_OBJC_ARC = YES;
				CLANG_ENABLE_OBJC_WEAK = YES;
				CLANG_WARN_BLOCK_CAPTURE_AUTORELEASING = YES;
				CLANG_WARN_BOOL_CONVERSION = YES;
				CLANG_WARN_COMMA = YES;
				CLANG_WARN_CONSTANT_CONVERSION = YES;
				CLANG_WARN_DEPRECATED_OBJC_IMPLEMENTATIONS = YES;
				CLANG_WARN_DIRECT_OBJC_ISA_USAGE = YES_ERROR;
				CLANG_WARN_DOCUMENTATION_COMMENTS = YES;
				CLANG_WARN_EMPTY_BODY = YES;
				CLANG_WARN_ENUM_CONVERSION = YES;
				CLANG_WARN_INFINITE_RECURSION = YES;
				CLANG_WARN_INT_CONVERSION = YES;
				CLANG_WARN_NON_LITERAL_NULL_CONVERSION = YES;
				CLANG_WARN_OBJC_IMPLICIT_RETAIN_SELF = YES;
				CLANG_WARN_OBJC_LITERAL_CONVERSION = YES;
				CLANG_WARN_OBJC_ROOT_CLASS = YES_ERROR;
				CLANG_WARN_QUOTED_INCLUDE_IN_FRAMEWORK_HEADER = YES;
				CLANG_WARN_RANGE_LOOP_ANALYSIS = YES;
				CLANG_WARN_STRICT_PROTOTYPES = YES;
				CLANG_WARN_SUSPICIOUS_MOVE = YES;
				CLANG_WARN_UNGUARDED_AVAILABILITY = YES_AGGRESSIVE;
				CLANG_WARN_UNREACHABLE_CODE = YES;
				CLANG_WARN__DUPLICATE_METHOD_MATCH = YES;
				COPY_PHASE_STRIP = NO;
				DEBUG_INFORMATION_FORMAT = dwarf;
				DEVELOPMENT_TEAM = F9VLM2UAU8;
				ENABLE_STRICT_OBJC_MSGSEND = YES;
				ENABLE_TESTABILITY = YES;
				ENABLE_USER_SCRIPT_SANDBOXING = YES;
				GCC_C_LANGUAGE_STANDARD = gnu17;
				GCC_DYNAMIC_NO_PIC = NO;
				GCC_NO_COMMON_BLOCKS = YES;
				GCC_OPTIMIZATION_LEVEL = 0;
				GCC_PREPROCESSOR_DEFINITIONS = (
					"DEBUG=1",
					"$(inherited)",
				);
				GCC_WARN_64_TO_32_BIT_CONVERSION = YES;
				GCC_WARN_ABOUT_RETURN_TYPE = YES_ERROR;
				GCC_WARN_UNDECLARED_SELECTOR = YES;
				GCC_WARN_UNINITIALIZED_AUTOS = YES_AGGRESSIVE;
				GCC_WARN_UNUSED_FUNCTION = YES;
				GCC_WARN_UNUSED_VARIABLE = YES;
				IPHONEOS_DEPLOYMENT_TARGET = 18.4;
				LOCALIZATION_PREFERS_STRING_CATALOGS = YES;
				MTL_ENABLE_DEBUG_INFO = INCLUDE_SOURCE;
				MTL_FAST_MATH = YES;
				ONLY_ACTIVE_ARCH = YES;
				SDKROOT = iphoneos;
				SWIFT_ACTIVE_COMPILATION_CONDITIONS = "DEBUG $(inherited)";
				SWIFT_OPTIMIZATION_LEVEL = "-Onone";
			};
			name = Debug;
		};
		AC00FCF42E33C2710053DB1F /* Release */ = {
			isa = XCBuildConfiguration;
			buildSettings = {
				ALWAYS_SEARCH_USER_PATHS = NO;
				ASSETCATALOG_COMPILER_GENERATE_SWIFT_ASSET_SYMBOL_EXTENSIONS = YES;
				CLANG_ANALYZER_NONNULL = YES;
				CLANG_ANALYZER_NUMBER_OBJECT_CONVERSION = YES_AGGRESSIVE;
				CLANG_CXX_LANGUAGE_STANDARD = "gnu++20";
				CLANG_ENABLE_MODULES = YES;
				CLANG_ENABLE_OBJC_ARC = YES;
				CLANG_ENABLE_OBJC_WEAK = YES;
				CLANG_WARN_BLOCK_CAPTURE_AUTORELEASING = YES;
				CLANG_WARN_BOOL_CONVERSION = YES;
				CLANG_WARN_COMMA = YES;
				CLANG_WARN_CONSTANT_CONVERSION = YES;
				CLANG_WARN_DEPRECATED_OBJC_IMPLEMENTATIONS = YES;
				CLANG_WARN_DIRECT_OBJC_ISA_USAGE = YES_ERROR;
				CLANG_WARN_DOCUMENTATION_COMMENTS = YES;
				CLANG_WARN_EMPTY_BODY = YES;
				CLANG_WARN_ENUM_CONVERSION = YES;
				CLANG_WARN_INFINITE_RECURSION = YES;
				CLANG_WARN_INT_CONVERSION = YES;
				CLANG_WARN_NON_LITERAL_NULL_CONVERSION = YES;
				CLANG_WARN_OBJC_IMPLICIT_RETAIN_SELF = YES;
				CLANG_WARN_OBJC_LITERAL_CONVERSION = YES;
				CLANG_WARN_OBJC_ROOT_CLASS = YES_ERROR;
				CLANG_WARN_QUOTED_INCLUDE_IN_FRAMEWORK_HEADER = YES;
				CLANG_WARN_RANGE_LOOP_ANALYSIS = YES;
				CLANG_WARN_STRICT_PROTOTYPES = YES;
				CLANG_WARN_SUSPICIOUS_MOVE = YES;
				CLANG_WARN_UNGUARDED_AVAILABILITY = YES_AGGRESSIVE;
				CLANG_WARN_UNREACHABLE_CODE = YES;
				CLANG_WARN__DUPLICATE_METHOD_MATCH = YES;
				COPY_PHASE_STRIP = NO;
				DEBUG_INFORMATION_FORMAT = "dwarf-with-dsym";
				DEVELOPMENT_TEAM = F9VLM2UAU8;
				ENABLE_NS_ASSERTIONS = NO;
				ENABLE_STRICT_OBJC_MSGSEND = YES;
				ENABLE_USER_SCRIPT_SANDBOXING = YES;
				GCC_C_LANGUAGE_STANDARD = gnu17;
				GCC_NO_COMMON_BLOCKS = YES;
				GCC_WARN_64_TO_32_BIT_CONVERSION = YES;
				GCC_WARN_ABOUT_RETURN_TYPE = YES_ERROR;
				GCC_WARN_UNDECLARED_SELECTOR = YES;
				GCC_WARN_UNINITIALIZED_AUTOS = YES_AGGRESSIVE;
				GCC_WARN_UNUSED_FUNCTION = YES;
				GCC_WARN_UNUSED_VARIABLE = YES;
				IPHONEOS_DEPLOYMENT_TARGET = 18.4;
				LOCALIZATION_PREFERS_STRING_CATALOGS = YES;
				MTL_ENABLE_DEBUG_INFO = NO;
				MTL_FAST_MATH = YES;
				SDKROOT = iphoneos;
				SWIFT_COMPILATION_MODE = wholemodule;
				VALIDATE_PRODUCT = YES;
			};
			name = Release;
		};
		AC00FCF62E33C2710053DB1F /* Debug */ = {
			isa = XCBuildConfiguration;
			buildSettings = {
				BUNDLE_LOADER = "$(TEST_HOST)";
				CODE_SIGN_STYLE = Automatic;
				CURRENT_PROJECT_VERSION = 1;
				DEVELOPMENT_TEAM = F9VLM2UAU8;
				GENERATE_INFOPLIST_FILE = YES;
				IPHONEOS_DEPLOYMENT_TARGET = 18.4;
				MARKETING_VERSION = 1.0;
				PRODUCT_BUNDLE_IDENTIFIER = com.mncs.BudgetScanTests;
				PRODUCT_NAME = "$(TARGET_NAME)";
				SWIFT_EMIT_LOC_STRINGS = NO;
				SWIFT_VERSION = 5.0;
				TARGETED_DEVICE_FAMILY = "1,2";
				TEST_HOST = "$(BUILT_PRODUCTS_DIR)/BudgetScan.app/$(BUNDLE_EXECUTABLE_FOLDER_PATH)/BudgetScan";
			};
			name = Debug;
		};
		AC00FCF72E33C2710053DB1F /* Release */ = {
			isa = XCBuildConfiguration;
			buildSettings = {
				BUNDLE_LOADER = "$(TEST_HOST)";
				CODE_SIGN_STYLE = Automatic;
				CURRENT_PROJECT_VERSION = 1;
				DEVELOPMENT_TEAM = F9VLM2UAU8;
				GENERATE_INFOPLIST_FILE = YES;
				IPHONEOS_DEPLOYMENT_TARGET = 18.4;
				MARKETING_VERSION = 1.0;
				PRODUCT_BUNDLE_IDENTIFIER = com.mncs.BudgetScanTests;
				PRODUCT_NAME = "$(TARGET_NAME)";
				SWIFT_EMIT_LOC_STRINGS = NO;
				SWIFT_VERSION = 5.0;
				TARGETED_DEVICE_FAMILY = "1,2";
				TEST_HOST = "$(BUILT_PRODUCTS_DIR)/BudgetScan.app/$(BUNDLE_EXECUTABLE_FOLDER_PATH)/BudgetScan";
			};
			name = Release;
		};
		AC00FCF92E33C2710053DB1F /* Debug */ = {
			isa = XCBuildConfiguration;
			buildSettings = {
				CODE_SIGN_STYLE = Automatic;
				CURRENT_PROJECT_VERSION = 1;
				DEVELOPMENT_TEAM = F9VLM2UAU8;
				GENERATE_INFOPLIST_FILE = YES;
				MARKETING_VERSION = 1.0;
				PRODUCT_BUNDLE_IDENTIFIER = com.mncs.BudgetScanUITests;
				PRODUCT_NAME = "$(TARGET_NAME)";
				SWIFT_EMIT_LOC_STRINGS = NO;
				SWIFT_VERSION = 5.0;
				TARGETED_DEVICE_FAMILY = "1,2";
				TEST_TARGET_NAME = BudgetScan;
			};
			name = Debug;
		};
		AC00FCFA2E33C2710053DB1F /* Release */ = {
			isa = XCBuildConfiguration;
			buildSettings = {
				CODE_SIGN_STYLE = Automatic;
				CURRENT_PROJECT_VERSION = 1;
				DEVELOPMENT_TEAM = F9VLM2UAU8;
				GENERATE_INFOPLIST_FILE = YES;
				MARKETING_VERSION = 1.0;
				PRODUCT_BUNDLE_IDENTIFIER = com.mncs.BudgetScanUITests;
				PRODUCT_NAME = "$(TARGET_NAME)";
				SWIFT_EMIT_LOC_STRINGS = NO;
				SWIFT_VERSION = 5.0;
				TARGETED_DEVICE_FAMILY = "1,2";
				TEST_TARGET_NAME = BudgetScan;
			};
			name = Release;
		};
/* End XCBuildConfiguration section */

/* Begin XCConfigurationList section */
		AC00FCC72E33C2700053DB1F /* Build configuration list for PBXProject "BudgetScan" */ = {
			isa = XCConfigurationList;
			buildConfigurations = (
				AC00FCF32E33C2710053DB1F /* Debug */,
				AC00FCF42E33C2710053DB1F /* Release */,
			);
			defaultConfigurationIsVisible = 0;
			defaultConfigurationName = Release;
		};
		AC00FCF02E33C2710053DB1F /* Build configuration list for PBXNativeTarget "BudgetScan" */ = {
			isa = XCConfigurationList;
			buildConfigurations = (
				AC00FCF12E33C2710053DB1F /* Debug */,
				AC00FCF22E33C2710053DB1F /* Release */,
			);
			defaultConfigurationIsVisible = 0;
			defaultConfigurationName = Release;
		};
		AC00FCF52E33C2710053DB1F /* Build configuration list for PBXNativeTarget "BudgetScanTests" */ = {
			isa = XCConfigurationList;
			buildConfigurations = (
				AC00FCF62E33C2710053DB1F /* Debug */,
				AC00FCF72E33C2710053DB1F /* Release */,
			);
			defaultConfigurationIsVisible = 0;
			defaultConfigurationName = Release;
		};
		AC00FCF82E33C2710053DB1F /* Build configuration list for PBXNativeTarget "BudgetScanUITests" */ = {
			isa = XCConfigurationList;
			buildConfigurations = (
				AC00FCF92E33C2710053DB1F /* Debug */,
				AC00FCFA2E33C2710053DB1F /* Release */,
			);
			defaultConfigurationIsVisible = 0;
			defaultConfigurationName = Release;
		};
/* End XCConfigurationList section */
	};
	rootObject = AC00FCC42E33C2700053DB1F /* Project object */;
}
